
Microsoft Visual Studio Solution File, Format Version 12.00
# Visual Studio 15
VisualStudioVersion = 15.0.28307.329
MinimumVisualStudioVersion = 10.0.40219.1
Project("{FAE04EC0-301F-11D3-BF4B-00C04F79EFBC}") = "DoStuff.Application", "Interfaces-1\DoStuff.Application.csproj", "{04DD50D0-0AA4-49E5-80D8-9DBFBE27ED21}"
EndProject
Project("{FAE04EC0-301F-11D3-BF4B-00C04F79EFBC}") = "DoStuff", "DoStuff\DoStuff.csproj", "{75BD25A1-98BD-4CDC-82AB-462E3BBC7C2B}"
EndProject
Global
	GlobalSection(SolutionConfigurationPlatforms) = preSolution
		Debug|Any CPU = Debug|Any CPU
		Release|Any CPU = Release|Any CPU
	EndGlobalSection
	GlobalSection(ProjectConfigurationPlatforms) = postSolution
		{04DD50D0-0AA4-49E5-80D8-9DBFBE27ED21}.Debug|Any CPU.ActiveCfg = Debug|Any CPU
		{04DD50D0-0AA4-49E5-80D8-9DBFBE27ED21}.Debug|Any CPU.Build.0 = Debug|Any CPU
		{04DD50D0-0AA4-49E5-80D8-9DBFBE27ED21}.Release|Any CPU.ActiveCfg = Release|Any CPU
		{04DD50D0-0AA4-49E5-80D8-9DBFBE27ED21}.Release|Any CPU.Build.0 = Release|Any CPU
		{75BD25A1-98BD-4CDC-82AB-462E3BBC7C2B}.Debug|Any CPU.ActiveCfg = Debug|Any CPU
		{75BD25A1-98BD-4CDC-82AB-462E3BBC7C2B}.Debug|Any CPU.Build.0 = Debug|Any CPU
		{75BD25A1-98BD-4CDC-82AB-462E3BBC7C2B}.Release|Any CPU.ActiveCfg = Release|Any CPU
		{75BD25A1-98BD-4CDC-82AB-462E3BBC7C2B}.Release|Any CPU.Build.0 = Release|Any CPU
	EndGlobalSection
	GlobalSection(SolutionProperties) = preSolution
		HideSolutionNode = FALSE
	EndGlobalSection
	GlobalSection(ExtensibilityGlobals) = postSolution
		SolutionGuid = {AE831C2F-1E11-41B6-A48C-E56B9657CB8D}
	EndGlobalSection
EndGlobal
